
Microsoft Visual Studio Solution File, Format Version 12.00
# Visual Studio Version 16
VisualStudioVersion = 16.0.29411.108
MinimumVisualStudioVersion = 10.0.40219.1
Project("{FAE04EC0-301F-11D3-BF4B-00C04F79EFBC}") = "NLogSegmentAnalyticsTarget", "NLogSegmentAnalyticsTarget\NLogSegmentAnalyticsTarget.csproj", "{C66E52A9-E47F-4AD1-977C-46B9DAC76475}"
EndProject
Global
	GlobalSection(SolutionConfigurationPlatforms) = preSolution
		Debug|Any CPU = Debug|Any CPU
		Release|Any CPU = Release|Any CPU
	EndGlobalSection
	GlobalSection(ProjectConfigurationPlatforms) = postSolution
		{C66E52A9-E47F-4AD1-977C-46B9DAC76475}.Debug|Any CPU.ActiveCfg = Debug|Any CPU
		{C66E52A9-E47F-4AD1-977C-46B9DAC76475}.Debug|Any CPU.Build.0 = Debug|Any CPU
		{C66E52A9-E47F-4AD1-977C-46B9DAC76475}.Release|Any CPU.ActiveCfg = Release|Any CPU
		{C66E52A9-E47F-4AD1-977C-46B9DAC76475}.Release|Any CPU.Build.0 = Release|Any CPU
	EndGlobalSection
	GlobalSection(SolutionProperties) = preSolution
		HideSolutionNode = FALSE
	EndGlobalSection
	GlobalSection(ExtensibilityGlobals) = postSolution
		SolutionGuid = {2ACAFDCC-FB74-439E-B110-0E3D7F6AB56A}
	EndGlobalSection
EndGlobal
